
Microsoft Visual Studio Solution File, Format Version 12.00
# Visual Studio 15
VisualStudioVersion = 15.0.28307.329
MinimumVisualStudioVersion = 10.0.40219.1
Project("{FAE04EC0-301F-11D3-BF4B-00C04F79EFBC}") = "ExemploBDD.Specs", "ExemploBDD.Specs\ExemploBDD.Specs.csproj", "{E57F1CBE-8AEE-4A92-A854-4ED4F615FC2A}"
EndProject
Global
	GlobalSection(SolutionConfigurationPlatforms) = preSolution
		Debug|Any CPU = Debug|Any CPU
		Release|Any CPU = Release|Any CPU
	EndGlobalSection
	GlobalSection(ProjectConfigurationPlatforms) = postSolution
		{E57F1CBE-8AEE-4A92-A854-4ED4F615FC2A}.Debug|Any CPU.ActiveCfg = Debug|Any CPU
		{E57F1CBE-8AEE-4A92-A854-4ED4F615FC2A}.Debug|Any CPU.Build.0 = Debug|Any CPU
		{E57F1CBE-8AEE-4A92-A854-4ED4F615FC2A}.Release|Any CPU.ActiveCfg = Release|Any CPU
		{E57F1CBE-8AEE-4A92-A854-4ED4F615FC2A}.Release|Any CPU.Build.0 = Release|Any CPU
	EndGlobalSection
	GlobalSection(SolutionProperties) = preSolution
		HideSolutionNode = FALSE
	EndGlobalSection
	GlobalSection(ExtensibilityGlobals) = postSolution
		SolutionGuid = {2453B28A-04D6-4C97-84B9-0E406020BD3D}
	EndGlobalSection
EndGlobal
